{
  "nodes": {
    "nixpkgs": {
      "locked": {
        "lastModified": 1630440368,
        "narHash": "sha256-JKdVH5hDpbCy8ifQeZ7TnS735ZKBGWRhP0KcoRZOWW4=",
        "owner": "NixOS",
        "repo": "nixpkgs",
        "rev": "d2196ee6353de80a27d160244dd5defd2227587f",
        "type": "github"
      },
      "original": {
        "id": "nixpkgs",
        "type": "indirect"
      }
    },
    "qemuSrc": {
      "flake": false,
      "locked": {
        "lastModified": 1630602703,
        "narHash": "sha256-u2WGqZ49pWAJVr4xGR240JjaQt/AhdShwP2bhDLyKeI=",
        "ref": "m1-test",
        "rev": "033339e61ab3955e7f2b4e806abdf1201f4d09bb",
        "revCount": 89516,
        "submodules": true,
        "type": "git",
        "url": "https://github.com/mstone/qemu-m1"
      },
      "original": {
        "ref": "m1-test",
        "submodules": true,
        "type": "git",
        "url": "https://github.com/mstone/qemu-m1"
      }
    },
    "root": {
      "inputs": {
        "nixpkgs": "nixpkgs",
        "qemuSrc": "qemuSrc",
        "sigtool": "sigtool",
        "utils": "utils"
      }
    },
    "sigtool": {
      "inputs": {
        "nixpkgs": [
          "nixpkgs"
        ],
        "utils": [
          "utils"
        ]
      },
      "locked": {
        "lastModified": 1630772493,
        "narHash": "sha256-BIah/Kshph8GwYg8fGTaCTzLZlQZ1xLuV9oMOin4Yx0=",
        "owner": "mstone",
        "repo": "sigtool",
        "rev": "9888891984a9cd4b795cc6f391356f57de3e6a63",
        "type": "github"
      },
      "original": {
        "owner": "mstone",
        "repo": "sigtool",
        "type": "github"
      }
    },
    "utils": {
      "locked": {
        "lastModified": 1629481132,
        "narHash": "sha256-JHgasjPR0/J1J3DRm4KxM4zTyAj4IOJY8vIl75v/kPI=",
        "owner": "numtide",
        "repo": "flake-utils",
        "rev": "997f7efcb746a9c140ce1f13c72263189225f482",
        "type": "github"
      },
      "original": {
        "owner": "numtide",
        "repo": "flake-utils",
        "type": "github"
      }
    }
  },
  "root": "root",
  "version": 7
}
